// !$*UTF8*$!
{
	archiveVersion = 1;
	classes = {
	};
	objectVersion = 56;
	objects = {

/* Begin PBXBuildFile section */
		EF1709EEEFA47A7DECB436DB /* N3xtNVRApp.swift in Sources */ = {isa = PBXBuildFile; fileRef = B0EB37FB23CC61FD8BA26CED /* N3xtNVRApp.swift */; };
		2D4C291DFA637F37C232F214 /* ContentView.swift in Sources */ = {isa = PBXBuildFile; fileRef = F65DAB10F2B91E8218A62304 /* ContentView.swift */; };
		9D2F5DC0C0F8A44256324B33 /* NVRConnectionSettings.swift in Sources */ = {isa = PBXBuildFile; fileRef = 3698C23D4D8BC31D8E8B04F2 /* NVRConnectionSettings.swift */; };
		153788444F3C211B0D4F24D7 /* AppSession.swift in Sources */ = {isa = PBXBuildFile; fileRef = 2767320CA0D058BB27847BA5 /* AppSession.swift */; };
		059BD1080B074A1369B38A07 /* DVRIPClient.swift in Sources */ = {isa = PBXBuildFile; fileRef = 36CC8AF4559F51BE23A93FA5 /* DVRIPClient.swift */; };
		A09D719F65F0C13A02A02CC1 /* NVRDiscoveryService.swift in Sources */ = {isa = PBXBuildFile; fileRef = 68A97D7CB920CA55FE3398E7 /* NVRDiscoveryService.swift */; };
		4CF5DD320C09E591F3741C5D /* LoginView.swift in Sources */ = {isa = PBXBuildFile; fileRef = 77037F482B1F8B3486EAAE74 /* LoginView.swift */; };
		B0FC57CB2E3C39FE1EC465DC /* MainDashboardView.swift in Sources */ = {isa = PBXBuildFile; fileRef = 0EBE7A3A8ED5EE92D43D1A65 /* MainDashboardView.swift */; };
		914625133AD58E89F6F85437 /* CameraGridView.swift in Sources */ = {isa = PBXBuildFile; fileRef = 377D90FEAD03DD1FD702A169 /* CameraGridView.swift */; };
		F23267AF5706D158E95B587D /* RTSPPlayerCell.swift in Sources */ = {isa = PBXBuildFile; fileRef = 08FFE1946A92C41AFFFBA236 /* RTSPPlayerCell.swift */; };
		7E8C00EDF1C68DBFDA8D9241 /* MacAVPlayerView.swift in Sources */ = {isa = PBXBuildFile; fileRef = DE56026A640B1636D61C8D81 /* MacAVPlayerView.swift */; };
		835A0F8AEACAF9CCABB99BAB /* NVRDiscoveryView.swift in Sources */ = {isa = PBXBuildFile; fileRef = 6BD20151C39AB7276C5673B4 /* NVRDiscoveryView.swift */; };
		6C9858810E4943591EAC78C3 /* Assets.xcassets in Resources */ = {isa = PBXBuildFile; fileRef = 961FDBBE9E2962FC16675C1A /* Assets.xcassets */; };
/* End PBXBuildFile section */

/* Begin PBXFileReference section */
		B5E02452FA4BDB255F9D094B /* N3xtNVR.app */ = {isa = PBXFileReference; explicitFileType = wrapper.application; includeInIndex = 0; path = N3xtNVR.app; sourceTree = BUILT_PRODUCTS_DIR; };
		B0EB37FB23CC61FD8BA26CED /* N3xtNVRApp.swift */ = {isa = PBXFileReference; lastKnownFileType = sourcecode.swift; path = N3xtNVRApp.swift; sourceTree = "<group>"; };
		F65DAB10F2B91E8218A62304 /* ContentView.swift */ = {isa = PBXFileReference; lastKnownFileType = sourcecode.swift; path = ContentView.swift; sourceTree = "<group>"; };
		3698C23D4D8BC31D8E8B04F2 /* NVRConnectionSettings.swift */ = {isa = PBXFileReference; lastKnownFileType = sourcecode.swift; path = NVRConnectionSettings.swift; sourceTree = "<group>"; };
		2767320CA0D058BB27847BA5 /* AppSession.swift */ = {isa = PBXFileReference; lastKnownFileType = sourcecode.swift; path = AppSession.swift; sourceTree = "<group>"; };
		36CC8AF4559F51BE23A93FA5 /* DVRIPClient.swift */ = {isa = PBXFileReference; lastKnownFileType = sourcecode.swift; path = DVRIPClient.swift; sourceTree = "<group>"; };
		68A97D7CB920CA55FE3398E7 /* NVRDiscoveryService.swift */ = {isa = PBXFileReference; lastKnownFileType = sourcecode.swift; path = NVRDiscoveryService.swift; sourceTree = "<group>"; };
		77037F482B1F8B3486EAAE74 /* LoginView.swift */ = {isa = PBXFileReference; lastKnownFileType = sourcecode.swift; path = LoginView.swift; sourceTree = "<group>"; };
		0EBE7A3A8ED5EE92D43D1A65 /* MainDashboardView.swift */ = {isa = PBXFileReference; lastKnownFileType = sourcecode.swift; path = MainDashboardView.swift; sourceTree = "<group>"; };
		377D90FEAD03DD1FD702A169 /* CameraGridView.swift */ = {isa = PBXFileReference; lastKnownFileType = sourcecode.swift; path = CameraGridView.swift; sourceTree = "<group>"; };
		08FFE1946A92C41AFFFBA236 /* RTSPPlayerCell.swift */ = {isa = PBXFileReference; lastKnownFileType = sourcecode.swift; path = RTSPPlayerCell.swift; sourceTree = "<group>"; };
		DE56026A640B1636D61C8D81 /* MacAVPlayerView.swift */ = {isa = PBXFileReference; lastKnownFileType = sourcecode.swift; path = MacAVPlayerView.swift; sourceTree = "<group>"; };
		6BD20151C39AB7276C5673B4 /* NVRDiscoveryView.swift */ = {isa = PBXFileReference; lastKnownFileType = sourcecode.swift; path = NVRDiscoveryView.swift; sourceTree = "<group>"; };
		961FDBBE9E2962FC16675C1A /* Assets.xcassets */ = {isa = PBXFileReference; lastKnownFileType = folder.assetcatalog; path = Assets.xcassets; sourceTree = "<group>"; };
		EA87EA48207AAD59DBB0ACE7 /* Info.plist */ = {isa = PBXFileReference; lastKnownFileType = text.plist.xml; path = Info.plist; sourceTree = "<group>"; };
/* End PBXFileReference section */

/* Begin PBXFrameworksBuildPhase section */
		7801A2C91457C616B7CB64CF /* Frameworks */ = {
			isa = PBXFrameworksBuildPhase;
			buildActionMask = 2147483647;
			files = (
			);
			runOnlyForDeploymentPostprocessing = 0;
		};
/* End PBXFrameworksBuildPhase section */

/* Begin PBXGroup section */
		0A62CE730BD0E61A54EA341B = {
			isa = PBXGroup;
			children = (
				328BCA44DC3E9A1069D8BB98 /* N3xtNVR */,
				F004957DF012A7F497FD03CE /* Products */,
			);
			sourceTree = "<group>";
		};
		328BCA44DC3E9A1069D8BB98 /* N3xtNVR */ = {
			isa = PBXGroup;
			children = (
				B0EB37FB23CC61FD8BA26CED /* N3xtNVRApp.swift */,
				F65DAB10F2B91E8218A62304 /* ContentView.swift */,
				27498B1854E2CA0BC237E263 /* Models */,
				79BB5A6409A1A117FC8E5871 /* Services */,
				52D843CD0AA38BBD5D01F314 /* Views */,
				961FDBBE9E2962FC16675C1A /* Assets.xcassets */,
				EA87EA48207AAD59DBB0ACE7 /* Info.plist */,
			);
			path = N3xtNVR;
			sourceTree = "<group>";
		};
		F004957DF012A7F497FD03CE /* Products */ = {
			isa = PBXGroup;
			children = (
				B5E02452FA4BDB255F9D094B /* N3xtNVR.app */,
			);
			name = Products;
			sourceTree = "<group>";
		};
		27498B1854E2CA0BC237E263 /* Models */ = {
			isa = PBXGroup;
			children = (
				3698C23D4D8BC31D8E8B04F2 /* NVRConnectionSettings.swift */,
				2767320CA0D058BB27847BA5 /* AppSession.swift */,
			);
			path = Models;
			sourceTree = "<group>";
		};
		79BB5A6409A1A117FC8E5871 /* Services */ = {
			isa = PBXGroup;
			children = (
				36CC8AF4559F51BE23A93FA5 /* DVRIPClient.swift */,
				68A97D7CB920CA55FE3398E7 /* NVRDiscoveryService.swift */,
			);
			path = Services;
			sourceTree = "<group>";
		};
		52D843CD0AA38BBD5D01F314 /* Views */ = {
			isa = PBXGroup;
			children = (
				77037F482B1F8B3486EAAE74 /* LoginView.swift */,
				0EBE7A3A8ED5EE92D43D1A65 /* MainDashboardView.swift */,
				377D90FEAD03DD1FD702A169 /* CameraGridView.swift */,
				08FFE1946A92C41AFFFBA236 /* RTSPPlayerCell.swift */,
				DE56026A640B1636D61C8D81 /* MacAVPlayerView.swift */,
				6BD20151C39AB7276C5673B4 /* NVRDiscoveryView.swift */,
			);
			path = Views;
			sourceTree = "<group>";
		};
/* End PBXGroup section */

/* Begin PBXNativeTarget section */
		4AF01FC404F9C6FEDEEEA2E0 /* N3xtNVR */ = {
			isa = PBXNativeTarget;
			buildConfigurationList = 48A7DC60E0D78EE3E6973CDB /* Build configuration list for PBXNativeTarget "N3xtNVR" */;
			buildPhases = (
				69A3525FF55F58870D25265E /* Sources */,
				7801A2C91457C616B7CB64CF /* Frameworks */,
				1E147099234E5838EE3B6159 /* Resources */,
			);
			buildRules = (
			);
			dependencies = (
			);
			name = N3xtNVR;
			productName = N3xtNVR;
			productReference = B5E02452FA4BDB255F9D094B /* N3xtNVR.app */;
			productType = "com.apple.product-type.application";
		};
/* End PBXNativeTarget section */

/* Begin PBXProject section */
		45A90771F861A099C13A8CF1 /* Project object */ = {
			isa = PBXProject;
			attributes = {
				BuildIndependentTargetsInParallel = 1;
				LastSwiftUpdateCheck = 1600;
				LastUpgradeCheck = 1600;
				TargetAttributes = {
					4AF01FC404F9C6FEDEEEA2E0 = {
						CreatedOnToolsVersion = 16.0;
					};
				};
			};
			buildConfigurationList = 09B938F7AD5B29582BA37195 /* Build configuration list for PBXProject "N3xtNVR" */;
			compatibilityVersion = "Xcode 14.0";
			developmentRegion = fr;
			hasScannedForEncodings = 0;
			knownRegions = (
				en,
				Base,
				fr,
			);
			mainGroup = 0A62CE730BD0E61A54EA341B;
			productRefGroup = F004957DF012A7F497FD03CE /* Products */;
			projectDirPath = "";
			projectRoot = "";
			targets = (
				4AF01FC404F9C6FEDEEEA2E0 /* N3xtNVR */,
			);
		};
/* End PBXProject section */

/* Begin PBXResourcesBuildPhase section */
		1E147099234E5838EE3B6159 /* Resources */ = {
			isa = PBXResourcesBuildPhase;
			buildActionMask = 2147483647;
			files = (
				6C9858810E4943591EAC78C3 /* Assets.xcassets in Resources */,
			);
			runOnlyForDeploymentPostprocessing = 0;
		};
/* End PBXResourcesBuildPhase section */

/* Begin PBXSourcesBuildPhase section */
		69A3525FF55F58870D25265E /* Sources */ = {
			isa = PBXSourcesBuildPhase;
			buildActionMask = 2147483647;
			files = (
				EF1709EEEFA47A7DECB436DB /* N3xtNVRApp.swift in Sources */,
				2D4C291DFA637F37C232F214 /* ContentView.swift in Sources */,
				9D2F5DC0C0F8A44256324B33 /* NVRConnectionSettings.swift in Sources */,
				153788444F3C211B0D4F24D7 /* AppSession.swift in Sources */,
				059BD1080B074A1369B38A07 /* DVRIPClient.swift in Sources */,
				A09D719F65F0C13A02A02CC1 /* NVRDiscoveryService.swift in Sources */,
				4CF5DD320C09E591F3741C5D /* LoginView.swift in Sources */,
				B0FC57CB2E3C39FE1EC465DC /* MainDashboardView.swift in Sources */,
				914625133AD58E89F6F85437 /* CameraGridView.swift in Sources */,
				F23267AF5706D158E95B587D /* RTSPPlayerCell.swift in Sources */,
				7E8C00EDF1C68DBFDA8D9241 /* MacAVPlayerView.swift in Sources */,
				835A0F8AEACAF9CCABB99BAB /* NVRDiscoveryView.swift in Sources */,
			);
			runOnlyForDeploymentPostprocessing = 0;
		};
/* End PBXSourcesBuildPhase section */

/* Begin XCBuildConfiguration section */
		50E6350E3489A6C72FBAF89B /* Debug */ = {
			isa = XCBuildConfiguration;
			buildSettings = {
							ALWAYS_SEARCH_USER_PATHS = NO;
							ASSETCATALOG_COMPILER_GENERATE_SWIFT_ASSET_SYMBOL_EXTENSIONS = YES;
							CLANG_ANALYZER_NONNULL = YES;
							CLANG_ANALYZER_NUMBER_OBJECT_CONVERSION = YES_AGGRESSIVE;
							CLANG_CXX_LANGUAGE_STANDARD = "gnu++20";
							CLANG_ENABLE_MODULES = YES;
							CLANG_ENABLE_OBJC_ARC = YES;
							COPY_PHASE_STRIP = NO;
							ENABLE_STRICT_OBJC_MSGSEND = YES;
							ENABLE_TESTABILITY = YES;
							GCC_DYNAMIC_NO_PIC = NO;
							GCC_NO_COMMON_BLOCKS = YES;
							LOCALIZATION_PREFERS_STRING_CATALOGS = YES;
							MACOSX_DEPLOYMENT_TARGET = 15.0;
							ONLY_ACTIVE_ARCH = YES;
							SDKROOT = macosx;
							SWIFT_ACTIVE_COMPILATION_CONDITIONS = "DEBUG $(inherited)";
							SWIFT_OPTIMIZATION_LEVEL = "-Onone";
			};
			name = Debug;
		};
		1A4A0F4F3B67168B6A226BE6 /* Release */ = {
			isa = XCBuildConfiguration;
			buildSettings = {
							ALWAYS_SEARCH_USER_PATHS = NO;
							ASSETCATALOG_COMPILER_GENERATE_SWIFT_ASSET_SYMBOL_EXTENSIONS = YES;
							CLANG_ANALYZER_NONNULL = YES;
							CLANG_ANALYZER_NUMBER_OBJECT_CONVERSION = YES_AGGRESSIVE;
							CLANG_CXX_LANGUAGE_STANDARD = "gnu++20";
							CLANG_ENABLE_MODULES = YES;
							CLANG_ENABLE_OBJC_ARC = YES;
							COPY_PHASE_STRIP = NO;
							ENABLE_NS_ASSERTIONS = NO;
							ENABLE_STRICT_OBJC_MSGSEND = YES;
							GCC_NO_COMMON_BLOCKS = YES;
							LOCALIZATION_PREFERS_STRING_CATALOGS = YES;
							MACOSX_DEPLOYMENT_TARGET = 15.0;
							SDKROOT = macosx;
							SWIFT_COMPILATION_MODE = wholemodule;
			};
			name = Release;
		};
		CAD38FDB55015C790C286E3A /* Debug */ = {
			isa = XCBuildConfiguration;
			buildSettings = {
							"ARCHS[sdk=macosx*]" = arm64;
							ASSETCATALOG_COMPILER_APPICON_NAME = "";
							ASSETCATALOG_COMPILER_GLOBAL_ACCENT_COLOR_NAME = "";
							CODE_SIGN_STYLE = Automatic;
							COMBINE_HIDPI_IMAGES = YES;
							CURRENT_PROJECT_VERSION = 1;
							DEVELOPMENT_ASSET_PATHS = "";
							ENABLE_PREVIEWS = YES;
							GENERATE_INFOPLIST_FILE = NO;
							INFOPLIST_FILE = N3xtNVR/Info.plist;
							INFOPLIST_KEY_NSHumanReadableCopyright = "";
							LD_RUNPATH_SEARCH_PATHS = (
								"$(inherited)",
								"@executable_path/../Frameworks",
							);
							MARKETING_VERSION = 1.0;
							PRODUCT_BUNDLE_IDENTIFIER = com.n3xtnvr.app;
							PRODUCT_NAME = "$(TARGET_NAME)";
							SWIFT_EMIT_LOC_STRINGS = YES;
							SWIFT_VERSION = 5.0;
			};
			name = Debug;
		};
		3E861E5FA14DB8308770C9D2 /* Release */ = {
			isa = XCBuildConfiguration;
			buildSettings = {
							"ARCHS[sdk=macosx*]" = arm64;
							ASSETCATALOG_COMPILER_APPICON_NAME = "";
							ASSETCATALOG_COMPILER_GLOBAL_ACCENT_COLOR_NAME = "";
							CODE_SIGN_STYLE = Automatic;
							COMBINE_HIDPI_IMAGES = YES;
							CURRENT_PROJECT_VERSION = 1;
							DEVELOPMENT_ASSET_PATHS = "";
							ENABLE_PREVIEWS = YES;
							GENERATE_INFOPLIST_FILE = NO;
							INFOPLIST_FILE = N3xtNVR/Info.plist;
							INFOPLIST_KEY_NSHumanReadableCopyright = "";
							LD_RUNPATH_SEARCH_PATHS = (
								"$(inherited)",
								"@executable_path/../Frameworks",
							);
							MARKETING_VERSION = 1.0;
							PRODUCT_BUNDLE_IDENTIFIER = com.n3xtnvr.app;
							PRODUCT_NAME = "$(TARGET_NAME)";
							SWIFT_EMIT_LOC_STRINGS = YES;
							SWIFT_VERSION = 5.0;
			};
			name = Release;
		};
/* End XCBuildConfiguration section */

/* Begin XCConfigurationList section */
		48A7DC60E0D78EE3E6973CDB /* Build configuration list for PBXNativeTarget "N3xtNVR" */ = {
			isa = XCConfigurationList;
			buildConfigurations = (
				CAD38FDB55015C790C286E3A /* Debug */,
				3E861E5FA14DB8308770C9D2 /* Release */,
			);
			defaultConfigurationIsVisible = 0;
			defaultConfigurationName = Release;
		};
		09B938F7AD5B29582BA37195 /* Build configuration list for PBXProject "N3xtNVR" */ = {
			isa = XCConfigurationList;
			buildConfigurations = (
				50E6350E3489A6C72FBAF89B /* Debug */,
				1A4A0F4F3B67168B6A226BE6 /* Release */,
			);
			defaultConfigurationIsVisible = 0;
			defaultConfigurationName = Release;
		};
/* End XCConfigurationList section */
	};
rootObject = 45A90771F861A099C13A8CF1 /* Project object */;
}
